
Microsoft Visual Studio Solution File, Format Version 12.00
# Visual Studio 15
VisualStudioVersion = 15.0.28307.1169
MinimumVisualStudioVersion = 10.0.40219.1
Project("{9A19103F-16F7-4668-BE54-9A1E7A4F7556}") = "Pizzeria", "Pizzeria\Pizzeria.csproj", "{5DEC4AE7-53A4-497D-97C9-47342E711615}"
EndProject
Project("{FAE04EC0-301F-11D3-BF4B-00C04F79EFBC}") = "PizzeriaTester", "PizzeriaTester\PizzeriaTester.csproj", "{5B8115A7-CE69-40F2-926F-BD51EB567CFA}"
EndProject
Global
	GlobalSection(SolutionConfigurationPlatforms) = preSolution
		Debug|Any CPU = Debug|Any CPU
		Release|Any CPU = Release|Any CPU
	EndGlobalSection
	GlobalSection(ProjectConfigurationPlatforms) = postSolution
		{5DEC4AE7-53A4-497D-97C9-47342E711615}.Debug|Any CPU.ActiveCfg = Debug|Any CPU
		{5DEC4AE7-53A4-497D-97C9-47342E711615}.Debug|Any CPU.Build.0 = Debug|Any CPU
		{5DEC4AE7-53A4-497D-97C9-47342E711615}.Release|Any CPU.ActiveCfg = Release|Any CPU
		{5DEC4AE7-53A4-497D-97C9-47342E711615}.Release|Any CPU.Build.0 = Release|Any CPU
		{5B8115A7-CE69-40F2-926F-BD51EB567CFA}.Debug|Any CPU.ActiveCfg = Debug|Any CPU
		{5B8115A7-CE69-40F2-926F-BD51EB567CFA}.Debug|Any CPU.Build.0 = Debug|Any CPU
		{5B8115A7-CE69-40F2-926F-BD51EB567CFA}.Release|Any CPU.ActiveCfg = Release|Any CPU
		{5B8115A7-CE69-40F2-926F-BD51EB567CFA}.Release|Any CPU.Build.0 = Release|Any CPU
	EndGlobalSection
	GlobalSection(SolutionProperties) = preSolution
		HideSolutionNode = FALSE
	EndGlobalSection
	GlobalSection(ExtensibilityGlobals) = postSolution
		SolutionGuid = {D7C9F927-23A9-44BC-9896-694F9C6ECF98}
	EndGlobalSection
EndGlobal
